
Microsoft Visual Studio Solution File, Format Version 12.00
# Visual Studio 15
VisualStudioVersion = 15.0.28307.421
MinimumVisualStudioVersion = 10.0.40219.1
Project("{FAE04EC0-301F-11D3-BF4B-00C04F79EFBC}") = "A1S3", "A1S3\A1S3.csproj", "{C8B181C4-F004-48F9-8E1B-0435F801F4BE}"
EndProject
Project("{FAE04EC0-301F-11D3-BF4B-00C04F79EFBC}") = "A1S3Tests", "A1S3Tests\A1S3Tests.csproj", "{D952A968-D084-44C7-B497-12C7F0A0A4C1}"
EndProject
Global
	GlobalSection(SolutionConfigurationPlatforms) = preSolution
		Debug|Any CPU = Debug|Any CPU
		Release|Any CPU = Release|Any CPU
	EndGlobalSection
	GlobalSection(ProjectConfigurationPlatforms) = postSolution
		{C8B181C4-F004-48F9-8E1B-0435F801F4BE}.Debug|Any CPU.ActiveCfg = Debug|Any CPU
		{C8B181C4-F004-48F9-8E1B-0435F801F4BE}.Debug|Any CPU.Build.0 = Debug|Any CPU
		{C8B181C4-F004-48F9-8E1B-0435F801F4BE}.Release|Any CPU.ActiveCfg = Release|Any CPU
		{C8B181C4-F004-48F9-8E1B-0435F801F4BE}.Release|Any CPU.Build.0 = Release|Any CPU
		{D952A968-D084-44C7-B497-12C7F0A0A4C1}.Debug|Any CPU.ActiveCfg = Debug|Any CPU
		{D952A968-D084-44C7-B497-12C7F0A0A4C1}.Debug|Any CPU.Build.0 = Debug|Any CPU
		{D952A968-D084-44C7-B497-12C7F0A0A4C1}.Release|Any CPU.ActiveCfg = Release|Any CPU
		{D952A968-D084-44C7-B497-12C7F0A0A4C1}.Release|Any CPU.Build.0 = Release|Any CPU
	EndGlobalSection
	GlobalSection(SolutionProperties) = preSolution
		HideSolutionNode = FALSE
	EndGlobalSection
	GlobalSection(ExtensibilityGlobals) = postSolution
		SolutionGuid = {273BEEC3-B3B7-470B-AD1E-26659C302D07}
	EndGlobalSection
EndGlobal
