
Microsoft Visual Studio Solution File, Format Version 12.00
# Visual Studio 15
VisualStudioVersion = 15.0.28010.2016
MinimumVisualStudioVersion = 10.0.40219.1
Project("{FAE04EC0-301F-11D3-BF4B-00C04F79EFBC}") = "E2", "E2\E2.csproj", "{F9E29ADF-2AFE-4074-9734-4314AA861123}"
EndProject
Project("{FAE04EC0-301F-11D3-BF4B-00C04F79EFBC}") = "E2Tests", "E2Tests\E2Tests.csproj", "{54397CD4-4EF3-4EAB-96BE-A3EB00B7D219}"
EndProject
Global
	GlobalSection(SolutionConfigurationPlatforms) = preSolution
		Debug|Any CPU = Debug|Any CPU
		Release|Any CPU = Release|Any CPU
	EndGlobalSection
	GlobalSection(ProjectConfigurationPlatforms) = postSolution
		{F9E29ADF-2AFE-4074-9734-4314AA861123}.Debug|Any CPU.ActiveCfg = Debug|Any CPU
		{F9E29ADF-2AFE-4074-9734-4314AA861123}.Debug|Any CPU.Build.0 = Debug|Any CPU
		{F9E29ADF-2AFE-4074-9734-4314AA861123}.Release|Any CPU.ActiveCfg = Release|Any CPU
		{F9E29ADF-2AFE-4074-9734-4314AA861123}.Release|Any CPU.Build.0 = Release|Any CPU
		{54397CD4-4EF3-4EAB-96BE-A3EB00B7D219}.Debug|Any CPU.ActiveCfg = Debug|Any CPU
		{54397CD4-4EF3-4EAB-96BE-A3EB00B7D219}.Debug|Any CPU.Build.0 = Debug|Any CPU
		{54397CD4-4EF3-4EAB-96BE-A3EB00B7D219}.Release|Any CPU.ActiveCfg = Release|Any CPU
		{54397CD4-4EF3-4EAB-96BE-A3EB00B7D219}.Release|Any CPU.Build.0 = Release|Any CPU
	EndGlobalSection
	GlobalSection(SolutionProperties) = preSolution
		HideSolutionNode = FALSE
	EndGlobalSection
	GlobalSection(ExtensibilityGlobals) = postSolution
		SolutionGuid = {DC650096-36BF-42E3-9FFD-63A8AE873D5D}
	EndGlobalSection
EndGlobal
