
Microsoft Visual Studio Solution File, Format Version 12.00
# Visual Studio 15
VisualStudioVersion = 15.0.28307.421
MinimumVisualStudioVersion = 10.0.40219.1
Project("{FAE04EC0-301F-11D3-BF4B-00C04F79EFBC}") = "A12", "A12\A12.csproj", "{5C6BDAA7-0541-4E35-92B3-9DE2E77EF2C7}"
EndProject
Project("{FAE04EC0-301F-11D3-BF4B-00C04F79EFBC}") = "A12Tests", "A12Tests\A12Tests.csproj", "{8E3B79FE-9593-49E8-B08A-62637DE1B0CA}"
EndProject
Global
	GlobalSection(SolutionConfigurationPlatforms) = preSolution
		Debug|Any CPU = Debug|Any CPU
		Release|Any CPU = Release|Any CPU
	EndGlobalSection
	GlobalSection(ProjectConfigurationPlatforms) = postSolution
		{5C6BDAA7-0541-4E35-92B3-9DE2E77EF2C7}.Debug|Any CPU.ActiveCfg = Debug|Any CPU
		{5C6BDAA7-0541-4E35-92B3-9DE2E77EF2C7}.Debug|Any CPU.Build.0 = Debug|Any CPU
		{5C6BDAA7-0541-4E35-92B3-9DE2E77EF2C7}.Release|Any CPU.ActiveCfg = Release|Any CPU
		{5C6BDAA7-0541-4E35-92B3-9DE2E77EF2C7}.Release|Any CPU.Build.0 = Release|Any CPU
		{8E3B79FE-9593-49E8-B08A-62637DE1B0CA}.Debug|Any CPU.ActiveCfg = Debug|Any CPU
		{8E3B79FE-9593-49E8-B08A-62637DE1B0CA}.Debug|Any CPU.Build.0 = Debug|Any CPU
		{8E3B79FE-9593-49E8-B08A-62637DE1B0CA}.Release|Any CPU.ActiveCfg = Release|Any CPU
		{8E3B79FE-9593-49E8-B08A-62637DE1B0CA}.Release|Any CPU.Build.0 = Release|Any CPU
	EndGlobalSection
	GlobalSection(SolutionProperties) = preSolution
		HideSolutionNode = FALSE
	EndGlobalSection
	GlobalSection(ExtensibilityGlobals) = postSolution
		SolutionGuid = {2F4A58BB-40CF-4E99-BA59-87B66F7BA0F9}
	EndGlobalSection
EndGlobal
